
Microsoft Visual Studio Solution File, Format Version 12.00
# Visual Studio 15
VisualStudioVersion = 15.0.27703.2018
MinimumVisualStudioVersion = 10.0.40219.1
Project("{FAE04EC0-301F-11D3-BF4B-00C04F79EFBC}") = "XTPTradeApiSimpleDemoCSharpCore2017", "XTPTradeApiSimpleDemoCSharpCore2017.csproj", "{68485E24-6FD6-411E-A2F9-C6B5DE5B5CDC}"
EndProject
Global
	GlobalSection(SolutionConfigurationPlatforms) = preSolution
		Debug|Any CPU = Debug|Any CPU
		Release|Any CPU = Release|Any CPU
	EndGlobalSection
	GlobalSection(ProjectConfigurationPlatforms) = postSolution
		{68485E24-6FD6-411E-A2F9-C6B5DE5B5CDC}.Debug|Any CPU.ActiveCfg = Debug|Any CPU
		{68485E24-6FD6-411E-A2F9-C6B5DE5B5CDC}.Debug|Any CPU.Build.0 = Debug|Any CPU
		{68485E24-6FD6-411E-A2F9-C6B5DE5B5CDC}.Release|Any CPU.ActiveCfg = Release|Any CPU
		{68485E24-6FD6-411E-A2F9-C6B5DE5B5CDC}.Release|Any CPU.Build.0 = Release|Any CPU
	EndGlobalSection
	GlobalSection(SolutionProperties) = preSolution
		HideSolutionNode = FALSE
	EndGlobalSection
	GlobalSection(ExtensibilityGlobals) = postSolution
		SolutionGuid = {B93F096F-E0A8-445C-82B4-883A019152AC}
	EndGlobalSection
EndGlobal
